
Microsoft Visual Studio Solution File, Format Version 12.00
# Visual Studio 15
VisualStudioVersion = 15.0.27703.2018
MinimumVisualStudioVersion = 10.0.40219.1
Project("{FAE04EC0-301F-11D3-BF4B-00C04F79EFBC}") = "Calculate", "Calculate\Calculate.csproj", "{9F935538-5762-4E1C-9EB9-668CE80C1BB3}"
EndProject
Global
	GlobalSection(SolutionConfigurationPlatforms) = preSolution
		Debug|Any CPU = Debug|Any CPU
		Release|Any CPU = Release|Any CPU
	EndGlobalSection
	GlobalSection(ProjectConfigurationPlatforms) = postSolution
		{9F935538-5762-4E1C-9EB9-668CE80C1BB3}.Debug|Any CPU.ActiveCfg = Debug|Any CPU
		{9F935538-5762-4E1C-9EB9-668CE80C1BB3}.Debug|Any CPU.Build.0 = Debug|Any CPU
		{9F935538-5762-4E1C-9EB9-668CE80C1BB3}.Release|Any CPU.ActiveCfg = Release|Any CPU
		{9F935538-5762-4E1C-9EB9-668CE80C1BB3}.Release|Any CPU.Build.0 = Release|Any CPU
	EndGlobalSection
	GlobalSection(SolutionProperties) = preSolution
		HideSolutionNode = FALSE
	EndGlobalSection
	GlobalSection(ExtensibilityGlobals) = postSolution
		SolutionGuid = {4B428EE1-439D-4DC6-85D4-48D8A81CA0F9}
	EndGlobalSection
EndGlobal
